PODS:
  - XibKits (0.1.0):
    - XibKits/Core (= 0.1.0)
  - XibKits/Core (0.1.0)

DEPENDENCIES:
  - XibKits (from `../`)

EXTERNAL SOURCES:
  XibKits:
    :path: "../"

SPEC CHECKSUMS:
  XibKits: 16aa99065d514ecae1e37fe6d6718b30e574dd5c

PODFILE CHECKSUM: ca743641e7fc4fd02d3169e8f97129319b5957a7

COCOAPODS: 1.7.5
